<?xml version="1.0" encoding="utf-8"?>
<Project ToolsVersion="4.0" xmlns="http://schemas.microsoft.com/developer/msbuild/2003">
  <ItemGroup>
    <Filter Include="src">
      <UniqueIdentifier>{8C2D94F9-6E67-4DA4-A745-E77942E6DE03}</UniqueIdentifier>
    </Filter>
  </ItemGroup>
  <ItemGroup>
    <ClCompile Include="..\src\codeutil.cpp">
      <Filter>src</Filter>
    </ClCompile>
    <ClCompile Include="..\src\getdllname.cpp">
      <Filter>src</Filter>
    </ClCompile>
    <ClCompile Include="..\src\stdafx.cpp">
      <Filter>src</Filter>
    </ClCompile>
    <ClCompile Include="..\src\weakod.cpp">
      <Filter>src</Filter>
    </ClCompile>
    <ClCompile Include="..\src\plugin.cpp">
      <Filter>src</Filter>
    </ClCompile>
  </ItemGroup>
  <ItemGroup>
    <ClInclude Include="..\src\asm.h">
      <Filter>src</Filter>
    </ClInclude>
    <ClInclude Include="..\src\resource.h">
      <Filter>src</Filter>
    </ClInclude>
    <ClInclude Include="..\src\stdafx.h">
      <Filter>src</Filter>
    </ClInclude>
    <ClInclude Include="..\src\weakod.h">
      <Filter>src</Filter>
    </ClInclude>
  </ItemGroup>
  <ItemGroup>
    <ResourceCompile Include="..\src\mainrc.rc">
      <Filter>src</Filter>
    </ResourceCompile>
  </ItemGroup>
  <ItemGroup>
    <MASM Include="..\src\asm.asm">
      <Filter>src</Filter>
    </MASM>
  </ItemGroup>
  <ItemGroup>
    <None Include="..\src\weakod.def">
      <Filter>src</Filter>
    </None>
  </ItemGroup>
</Project>